
Microsoft Visual Studio Solution File, Format Version 12.00
# Visual Studio Version 16
VisualStudioVersion = 16.0.810.17
MinimumVisualStudioVersion = 10.0.40219.1
Project("{FAE04EC0-301F-11D3-BF4B-00C04F79EFBC}") = "Retrieve_Metadata", "Retrieve_Metadata\Retrieve_Metadata.csproj", "{0ECDBF84-6D19-48DB-BF84-161753F85148}"
EndProject
Global
	GlobalSection(SolutionConfigurationPlatforms) = preSolution
		Debug|Any CPU = Debug|Any CPU
		Release|Any CPU = Release|Any CPU
	EndGlobalSection
	GlobalSection(ProjectConfigurationPlatforms) = postSolution
		{0ECDBF84-6D19-48DB-BF84-161753F85148}.Debug|Any CPU.ActiveCfg = Debug|Any CPU
		{0ECDBF84-6D19-48DB-BF84-161753F85148}.Debug|Any CPU.Build.0 = Debug|Any CPU
		{0ECDBF84-6D19-48DB-BF84-161753F85148}.Release|Any CPU.ActiveCfg = Release|Any CPU
		{0ECDBF84-6D19-48DB-BF84-161753F85148}.Release|Any CPU.Build.0 = Release|Any CPU
	EndGlobalSection
	GlobalSection(SolutionProperties) = preSolution
		HideSolutionNode = FALSE
	EndGlobalSection
	GlobalSection(ExtensibilityGlobals) = postSolution
		SolutionGuid = {C2F1501E-B964-4B4E-9DE8-A13175162A49}
	EndGlobalSection
EndGlobal
